
Microsoft Visual Studio Solution File, Format Version 11.00
# Visual Studio 2010
Project("{FAE04EC0-301F-11D3-BF4B-00C04F79EFBC}") = "opZ-2", "Assembly-CSharp.csproj", "{56C85E55-A591-B639-BF02-B01EADDF45ED}"
EndProject
Project("{FAE04EC0-301F-11D3-BF4B-00C04F79EFBC}") = "opZ-2", "Assembly-CSharp-Editor.csproj", "{F7C5364F-0F9A-C38B-1869-74A4532F10E8}"
EndProject
Global
	GlobalSection(SolutionConfigurationPlatforms) = preSolution
		Debug|Any CPU = Debug|Any CPU
		Release|Any CPU = Release|Any CPU
	EndGlobalSection
	GlobalSection(ProjectConfigurationPlatforms) = postSolution
		{56C85E55-A591-B639-BF02-B01EADDF45ED}.Debug|Any CPU.ActiveCfg = Debug|Any CPU
		{56C85E55-A591-B639-BF02-B01EADDF45ED}.Debug|Any CPU.Build.0 = Debug|Any CPU
		{56C85E55-A591-B639-BF02-B01EADDF45ED}.Release|Any CPU.ActiveCfg = Release|Any CPU
		{56C85E55-A591-B639-BF02-B01EADDF45ED}.Release|Any CPU.Build.0 = Release|Any CPU
		{F7C5364F-0F9A-C38B-1869-74A4532F10E8}.Debug|Any CPU.ActiveCfg = Debug|Any CPU
		{F7C5364F-0F9A-C38B-1869-74A4532F10E8}.Debug|Any CPU.Build.0 = Debug|Any CPU
		{F7C5364F-0F9A-C38B-1869-74A4532F10E8}.Release|Any CPU.ActiveCfg = Release|Any CPU
		{F7C5364F-0F9A-C38B-1869-74A4532F10E8}.Release|Any CPU.Build.0 = Release|Any CPU
	EndGlobalSection
	GlobalSection(SolutionProperties) = preSolution
		HideSolutionNode = FALSE
	EndGlobalSection
	GlobalSection(MonoDevelopProperties) = preSolution
		StartupItem = Assembly-CSharp.csproj
	EndGlobalSection
EndGlobal
